
Microsoft Visual Studio Solution File, Format Version 12.00
# Visual Studio Version 16
VisualStudioVersion = 16.0.29709.97
MinimumVisualStudioVersion = 10.0.40219.1
Project("{FAE04EC0-301F-11D3-BF4B-00C04F79EFBC}") = "Gymnasiearbete", "Gymnasiearbete\Gymnasiearbete.csproj", "{AEABE01D-D555-41E3-B825-6C04052E3025}"
EndProject
Project("{FAE04EC0-301F-11D3-BF4B-00C04F79EFBC}") = "Gymnasiearbete.UnitTests", "Gymnasiearbete.UnitTests\Gymnasiearbete.UnitTests.csproj", "{0F3F4329-8693-4965-BAD8-A5DDB6749F62}"
EndProject
Global
	GlobalSection(SolutionConfigurationPlatforms) = preSolution
		Debug|Any CPU = Debug|Any CPU
		Release|Any CPU = Release|Any CPU
	EndGlobalSection
	GlobalSection(ProjectConfigurationPlatforms) = postSolution
		{AEABE01D-D555-41E3-B825-6C04052E3025}.Debug|Any CPU.ActiveCfg = Debug|Any CPU
		{AEABE01D-D555-41E3-B825-6C04052E3025}.Debug|Any CPU.Build.0 = Debug|Any CPU
		{AEABE01D-D555-41E3-B825-6C04052E3025}.Release|Any CPU.ActiveCfg = Release|Any CPU
		{AEABE01D-D555-41E3-B825-6C04052E3025}.Release|Any CPU.Build.0 = Release|Any CPU
		{0F3F4329-8693-4965-BAD8-A5DDB6749F62}.Debug|Any CPU.ActiveCfg = Debug|Any CPU
		{0F3F4329-8693-4965-BAD8-A5DDB6749F62}.Debug|Any CPU.Build.0 = Debug|Any CPU
		{0F3F4329-8693-4965-BAD8-A5DDB6749F62}.Release|Any CPU.ActiveCfg = Release|Any CPU
		{0F3F4329-8693-4965-BAD8-A5DDB6749F62}.Release|Any CPU.Build.0 = Release|Any CPU
	EndGlobalSection
	GlobalSection(SolutionProperties) = preSolution
		HideSolutionNode = FALSE
	EndGlobalSection
	GlobalSection(ExtensibilityGlobals) = postSolution
		SolutionGuid = {3B79EDFD-8F9F-4C78-9273-9D6BAAA6E520}
	EndGlobalSection
EndGlobal
